
Microsoft Visual Studio Solution File, Format Version 12.00
# Visual Studio Version 17
VisualStudioVersion = 17.0.31912.275
MinimumVisualStudioVersion = 10.0.40219.1
Project("{FAE04EC0-301F-11D3-BF4B-00C04F79EFBC}") = "DelegatesCSharp", "DelegatesCSharp\DelegatesCSharp.csproj", "{75FA0F15-76A4-4A4E-877B-B13EC74EFECD}"
EndProject
Global
	GlobalSection(SolutionConfigurationPlatforms) = preSolution
		Debug|Any CPU = Debug|Any CPU
		Release|Any CPU = Release|Any CPU
	EndGlobalSection
	GlobalSection(ProjectConfigurationPlatforms) = postSolution
		{75FA0F15-76A4-4A4E-877B-B13EC74EFECD}.Debug|Any CPU.ActiveCfg = Debug|Any CPU
		{75FA0F15-76A4-4A4E-877B-B13EC74EFECD}.Debug|Any CPU.Build.0 = Debug|Any CPU
		{75FA0F15-76A4-4A4E-877B-B13EC74EFECD}.Release|Any CPU.ActiveCfg = Release|Any CPU
		{75FA0F15-76A4-4A4E-877B-B13EC74EFECD}.Release|Any CPU.Build.0 = Release|Any CPU
	EndGlobalSection
	GlobalSection(SolutionProperties) = preSolution
		HideSolutionNode = FALSE
	EndGlobalSection
	GlobalSection(ExtensibilityGlobals) = postSolution
		SolutionGuid = {6F856F4C-DAC0-4450-8628-7032359348B6}
	EndGlobalSection
EndGlobal
